
Microsoft Visual Studio Solution File, Format Version 12.00
# Visual Studio Version 17
VisualStudioVersion = 17.10.34916.146
MinimumVisualStudioVersion = 10.0.40219.1
Project("{9A19103F-16F7-4668-BE54-9A1E7A4F7556}") = "SimpleCrudApi", "SimpleCrudApi\SimpleCrudApi.csproj", "{C480FF17-7919-4AD9-B230-98827C8718EB}"
EndProject
Project("{9A19103F-16F7-4668-BE54-9A1E7A4F7556}") = "SimpleCrudApi.UnitTests", "SimpleCrudApi.UnitTests\SimpleCrudApi.UnitTests.csproj", "{30D97ABF-BF4A-48D9-9941-3D912CCB775A}"
EndProject
Global
	GlobalSection(SolutionConfigurationPlatforms) = preSolution
		Debug|Any CPU = Debug|Any CPU
		Release|Any CPU = Release|Any CPU
	EndGlobalSection
	GlobalSection(ProjectConfigurationPlatforms) = postSolution
		{C480FF17-7919-4AD9-B230-98827C8718EB}.Debug|Any CPU.ActiveCfg = Debug|Any CPU
		{C480FF17-7919-4AD9-B230-98827C8718EB}.Debug|Any CPU.Build.0 = Debug|Any CPU
		{C480FF17-7919-4AD9-B230-98827C8718EB}.Release|Any CPU.ActiveCfg = Release|Any CPU
		{C480FF17-7919-4AD9-B230-98827C8718EB}.Release|Any CPU.Build.0 = Release|Any CPU
		{30D97ABF-BF4A-48D9-9941-3D912CCB775A}.Debug|Any CPU.ActiveCfg = Debug|Any CPU
		{30D97ABF-BF4A-48D9-9941-3D912CCB775A}.Debug|Any CPU.Build.0 = Debug|Any CPU
		{30D97ABF-BF4A-48D9-9941-3D912CCB775A}.Release|Any CPU.ActiveCfg = Release|Any CPU
		{30D97ABF-BF4A-48D9-9941-3D912CCB775A}.Release|Any CPU.Build.0 = Release|Any CPU
	EndGlobalSection
	GlobalSection(SolutionProperties) = preSolution
		HideSolutionNode = FALSE
	EndGlobalSection
	GlobalSection(ExtensibilityGlobals) = postSolution
		SolutionGuid = {0512DA4C-CA1A-4FE5-9A64-331C37D13CEA}
	EndGlobalSection
EndGlobal
